
Microsoft Visual Studio Solution File, Format Version 12.00
# Visual Studio Version 17
VisualStudioVersion = 17.0.31717.71
MinimumVisualStudioVersion = 10.0.40219.1
Project("{9A19103F-16F7-4668-BE54-9A1E7A4F7556}") = "DiSpeakBouyomiChanBridge", "Application\DiSpeakBouyomiChanBridge\DiSpeakBouyomiChanBridge.csproj", "{20023D4C-8073-4387-AA2E-1BF3A447B7F0}"
EndProject
Project("{9A19103F-16F7-4668-BE54-9A1E7A4F7556}") = "net.boilingwater.Framework.Common", "Framework\net.boilingwater.Framework.Common\net.boilingwater.Framework.Common.csproj", "{5407CE29-CBB2-4B5B-AD31-0E2F2BE2C5A2}"
EndProject
Project("{9A19103F-16F7-4668-BE54-9A1E7A4F7556}") = "net.boilingwater.external.DiscordClient", "external\DiscordClient\net.boilingwater.external.DiscordClient.csproj", "{F05A67B4-CB26-4E56-B1B6-28D5D5D82EE1}"
EndProject
Project("{2150E333-8FDC-42A3-9474-1A3956D46DE8}") = "_Test", "_Test", "{38F94AA7-0023-46E4-9F98-E82056DB0923}"
EndProject
Project("{9A19103F-16F7-4668-BE54-9A1E7A4F7556}") = "net.boilingwater.external.AudioPlay", "external\AudioPlay\net.boilingwater.external.AudioPlay.csproj", "{EA03E293-2CAF-436F-8765-C4CBF99300EC}"
EndProject
Project("{2150E333-8FDC-42A3-9474-1A3956D46DE8}") = "external", "external", "{51DA63F6-C2B3-4A36-9794-50AA54FA3ADE}"
EndProject
Project("{2150E333-8FDC-42A3-9474-1A3956D46DE8}") = "BusinessLogic", "BusinessLogic", "{75A4B69F-7E5C-465C-B1F3-1CC915DFBA4F}"
EndProject
Project("{9A19103F-16F7-4668-BE54-9A1E7A4F7556}") = "net.boilingwater.BusinessLogic.VoiceReadOut", "BusinessLogic\VoiceReadOut\net.boilingwater.BusinessLogic.VoiceReadOut.csproj", "{F960C239-D552-4A13-A727-49E6B340CC23}"
EndProject
Project("{9A19103F-16F7-4668-BE54-9A1E7A4F7556}") = "net.boilingwater.BusinessLogic.MessageReplacer", "BusinessLogic\MessageReplacer\net.boilingwater.BusinessLogic.MessageReplacer.csproj", "{B8CECB94-FDF1-45E5-9F3A-AD5871D90FE5}"
EndProject
Project("{2150E333-8FDC-42A3-9474-1A3956D46DE8}") = ".config", ".config", "{5232B36A-B5A8-4EC2-9CB4-7B9727AE4020}"
	ProjectSection(SolutionItems) = preProject
		.editorconfig = .editorconfig
	EndProjectSection
EndProject
Project("{2150E333-8FDC-42A3-9474-1A3956D46DE8}") = "Framework", "Framework", "{E659006F-ED70-48B0-A21A-FDCBAFEBEDD7}"
EndProject
Project("{2150E333-8FDC-42A3-9474-1A3956D46DE8}") = "Application", "Application", "{470A7537-9CA9-461E-BD62-71CB4BAE268B}"
EndProject
Project("{9A19103F-16F7-4668-BE54-9A1E7A4F7556}") = "VoiceVoxReverseProxy", "Application\VoiceVoxReverseProxy\VoiceVoxReverseProxy.csproj", "{264EA2D9-E022-4C3D-9070-D80717BFB340}"
EndProject
Project("{9A19103F-16F7-4668-BE54-9A1E7A4F7556}") = "net.boilingwater.BusinessLogic.VoiceVoxSpeakerMapping", "BusinessLogic\VoiceVoxSpeakerMapping\net.boilingwater.BusinessLogic.VoiceVoxSpeakerMapping.csproj", "{8FCC9C40-146E-42FE-9944-77F5D70BD76C}"
EndProject
Project("{9A19103F-16F7-4668-BE54-9A1E7A4F7556}") = "net.boilingwater.Framework.CommonTest", "Framework\_Test\net.boilingwater.Framework.CommonTest\net.boilingwater.Framework.CommonTest.csproj", "{55C9C2DC-8F47-4A3B-AE7A-6214AD9A6791}"
EndProject
Project("{9A19103F-16F7-4668-BE54-9A1E7A4F7556}") = "net.boilingwater.external.VBanProtocolEmitter", "external\VBanProtocolEmitter\net.boilingwater.external.VBanProtocolEmitter.csproj", "{F9712E90-4CB5-4662-8F5E-E50E69932666}"
EndProject
Global
	GlobalSection(SolutionConfigurationPlatforms) = preSolution
		Debug|Any CPU = Debug|Any CPU
		Release|Any CPU = Release|Any CPU
	EndGlobalSection
	GlobalSection(ProjectConfigurationPlatforms) = postSolution
		{20023D4C-8073-4387-AA2E-1BF3A447B7F0}.Debug|Any CPU.ActiveCfg = Debug|Any CPU
		{20023D4C-8073-4387-AA2E-1BF3A447B7F0}.Debug|Any CPU.Build.0 = Debug|Any CPU
		{20023D4C-8073-4387-AA2E-1BF3A447B7F0}.Release|Any CPU.ActiveCfg = Release|Any CPU
		{20023D4C-8073-4387-AA2E-1BF3A447B7F0}.Release|Any CPU.Build.0 = Release|Any CPU
		{5407CE29-CBB2-4B5B-AD31-0E2F2BE2C5A2}.Debug|Any CPU.ActiveCfg = Debug|Any CPU
		{5407CE29-CBB2-4B5B-AD31-0E2F2BE2C5A2}.Debug|Any CPU.Build.0 = Debug|Any CPU
		{5407CE29-CBB2-4B5B-AD31-0E2F2BE2C5A2}.Release|Any CPU.ActiveCfg = Release|Any CPU
		{5407CE29-CBB2-4B5B-AD31-0E2F2BE2C5A2}.Release|Any CPU.Build.0 = Release|Any CPU
		{F05A67B4-CB26-4E56-B1B6-28D5D5D82EE1}.Debug|Any CPU.ActiveCfg = Debug|Any CPU
		{F05A67B4-CB26-4E56-B1B6-28D5D5D82EE1}.Debug|Any CPU.Build.0 = Debug|Any CPU
		{F05A67B4-CB26-4E56-B1B6-28D5D5D82EE1}.Release|Any CPU.ActiveCfg = Release|Any CPU
		{F05A67B4-CB26-4E56-B1B6-28D5D5D82EE1}.Release|Any CPU.Build.0 = Release|Any CPU
		{EA03E293-2CAF-436F-8765-C4CBF99300EC}.Debug|Any CPU.ActiveCfg = Debug|Any CPU
		{EA03E293-2CAF-436F-8765-C4CBF99300EC}.Debug|Any CPU.Build.0 = Debug|Any CPU
		{EA03E293-2CAF-436F-8765-C4CBF99300EC}.Release|Any CPU.ActiveCfg = Release|Any CPU
		{EA03E293-2CAF-436F-8765-C4CBF99300EC}.Release|Any CPU.Build.0 = Release|Any CPU
		{F960C239-D552-4A13-A727-49E6B340CC23}.Debug|Any CPU.ActiveCfg = Debug|Any CPU
		{F960C239-D552-4A13-A727-49E6B340CC23}.Debug|Any CPU.Build.0 = Debug|Any CPU
		{F960C239-D552-4A13-A727-49E6B340CC23}.Release|Any CPU.ActiveCfg = Release|Any CPU
		{F960C239-D552-4A13-A727-49E6B340CC23}.Release|Any CPU.Build.0 = Release|Any CPU
		{B8CECB94-FDF1-45E5-9F3A-AD5871D90FE5}.Debug|Any CPU.ActiveCfg = Debug|Any CPU
		{B8CECB94-FDF1-45E5-9F3A-AD5871D90FE5}.Debug|Any CPU.Build.0 = Debug|Any CPU
		{B8CECB94-FDF1-45E5-9F3A-AD5871D90FE5}.Release|Any CPU.ActiveCfg = Release|Any CPU
		{B8CECB94-FDF1-45E5-9F3A-AD5871D90FE5}.Release|Any CPU.Build.0 = Release|Any CPU
		{264EA2D9-E022-4C3D-9070-D80717BFB340}.Debug|Any CPU.ActiveCfg = Debug|Any CPU
		{264EA2D9-E022-4C3D-9070-D80717BFB340}.Debug|Any CPU.Build.0 = Debug|Any CPU
		{264EA2D9-E022-4C3D-9070-D80717BFB340}.Release|Any CPU.ActiveCfg = Release|Any CPU
		{264EA2D9-E022-4C3D-9070-D80717BFB340}.Release|Any CPU.Build.0 = Release|Any CPU
		{8FCC9C40-146E-42FE-9944-77F5D70BD76C}.Debug|Any CPU.ActiveCfg = Debug|Any CPU
		{8FCC9C40-146E-42FE-9944-77F5D70BD76C}.Debug|Any CPU.Build.0 = Debug|Any CPU
		{8FCC9C40-146E-42FE-9944-77F5D70BD76C}.Release|Any CPU.ActiveCfg = Release|Any CPU
		{8FCC9C40-146E-42FE-9944-77F5D70BD76C}.Release|Any CPU.Build.0 = Release|Any CPU
		{55C9C2DC-8F47-4A3B-AE7A-6214AD9A6791}.Debug|Any CPU.ActiveCfg = Debug|Any CPU
		{55C9C2DC-8F47-4A3B-AE7A-6214AD9A6791}.Debug|Any CPU.Build.0 = Debug|Any CPU
		{55C9C2DC-8F47-4A3B-AE7A-6214AD9A6791}.Release|Any CPU.ActiveCfg = Release|Any CPU
		{55C9C2DC-8F47-4A3B-AE7A-6214AD9A6791}.Release|Any CPU.Build.0 = Release|Any CPU
		{F9712E90-4CB5-4662-8F5E-E50E69932666}.Debug|Any CPU.ActiveCfg = Debug|Any CPU
		{F9712E90-4CB5-4662-8F5E-E50E69932666}.Debug|Any CPU.Build.0 = Debug|Any CPU
		{F9712E90-4CB5-4662-8F5E-E50E69932666}.Release|Any CPU.ActiveCfg = Release|Any CPU
		{F9712E90-4CB5-4662-8F5E-E50E69932666}.Release|Any CPU.Build.0 = Release|Any CPU
	EndGlobalSection
	GlobalSection(SolutionProperties) = preSolution
		HideSolutionNode = FALSE
	EndGlobalSection
	GlobalSection(NestedProjects) = preSolution
		{20023D4C-8073-4387-AA2E-1BF3A447B7F0} = {470A7537-9CA9-461E-BD62-71CB4BAE268B}
		{5407CE29-CBB2-4B5B-AD31-0E2F2BE2C5A2} = {E659006F-ED70-48B0-A21A-FDCBAFEBEDD7}
		{F05A67B4-CB26-4E56-B1B6-28D5D5D82EE1} = {51DA63F6-C2B3-4A36-9794-50AA54FA3ADE}
		{EA03E293-2CAF-436F-8765-C4CBF99300EC} = {51DA63F6-C2B3-4A36-9794-50AA54FA3ADE}
		{F960C239-D552-4A13-A727-49E6B340CC23} = {75A4B69F-7E5C-465C-B1F3-1CC915DFBA4F}
		{B8CECB94-FDF1-45E5-9F3A-AD5871D90FE5} = {75A4B69F-7E5C-465C-B1F3-1CC915DFBA4F}
		{264EA2D9-E022-4C3D-9070-D80717BFB340} = {470A7537-9CA9-461E-BD62-71CB4BAE268B}
		{8FCC9C40-146E-42FE-9944-77F5D70BD76C} = {75A4B69F-7E5C-465C-B1F3-1CC915DFBA4F}
		{55C9C2DC-8F47-4A3B-AE7A-6214AD9A6791} = {38F94AA7-0023-46E4-9F98-E82056DB0923}
		{F9712E90-4CB5-4662-8F5E-E50E69932666} = {51DA63F6-C2B3-4A36-9794-50AA54FA3ADE}
	EndGlobalSection
	GlobalSection(ExtensibilityGlobals) = postSolution
		SolutionGuid = {BF8194DE-BD5B-4F65-B2FD-00B5834586DC}
	EndGlobalSection
EndGlobal
